// !$*UTF8*$!
{
	archiveVersion = 1;
	classes = {
	};
	objectVersion = 56;
	objects = {

/* Begin PBXBuildFile section */
		5C15B5B12BCF93ED00C2C39B /* ProfileEditor.swift in Sources */ = {isa = PBXBuildFile; fileRef = 5C15B5B02BCF93ED00C2C39B /* ProfileEditor.swift */; };
		5C15B5B72BD0560700C2C39B /* SpoonacularService.swift in Sources */ = {isa = PBXBuildFile; fileRef = 5C15B5B62BD0560700C2C39B /* SpoonacularService.swift */; };
		5C15B5BA2BD0597500C2C39B /* TenDayBlock.swift in Sources */ = {isa = PBXBuildFile; fileRef = 5C15B5B92BD0597500C2C39B /* TenDayBlock.swift */; };
		5C15B5BC2BD05E0600C2C39B /* Calend.swift in Sources */ = {isa = PBXBuildFile; fileRef = 5C15B5BB2BD05E0600C2C39B /* Calend.swift */; };
		5C160D172BDDB06D00BDA912 /* otherDayView.swift in Sources */ = {isa = PBXBuildFile; fileRef = 5C160D162BDDB06D00BDA912 /* otherDayView.swift */; };
		5C160D192BDDB32300BDA912 /* anotherCalenderView.swift in Sources */ = {isa = PBXBuildFile; fileRef = 5C160D182BDDB32300BDA912 /* anotherCalenderView.swift */; };
		5C160D1B2BDDC7EE00BDA912 /* MonkeyUser.swift in Sources */ = {isa = PBXBuildFile; fileRef = 5C160D1A2BDDC7EE00BDA912 /* MonkeyUser.swift */; };
		5C1710D72BDDED8D005123E6 /* MacroMonkeyDBHelperView.swift in Sources */ = {isa = PBXBuildFile; fileRef = 5C1710D62BDDED8D005123E6 /* MacroMonkeyDBHelperView.swift */; };
		5C1710D92BDE21DC005123E6 /* FoodDetail.swift in Sources */ = {isa = PBXBuildFile; fileRef = 5C1710D82BDE21DC005123E6 /* FoodDetail.swift */; };
		5C1CFCE82BD0DF3100163838 /* Config.plist in Resources */ = {isa = PBXBuildFile; fileRef = 5C1CFCE72BD0DF3100163838 /* Config.plist */; };
		5C1CFCEA2BD0E12B00163838 /* APIConfigAccess.swift in Sources */ = {isa = PBXBuildFile; fileRef = 5C1CFCE92BD0E12B00163838 /* APIConfigAccess.swift */; };
		5C1E61F62BCB247500E4A070 /* ColorExtension.swift in Sources */ = {isa = PBXBuildFile; fileRef = 5C1E61F52BCB247500E4A070 /* ColorExtension.swift */; };
		5C1E61F82BCB24B100E4A070 /* NutritionGraph.swift in Sources */ = {isa = PBXBuildFile; fileRef = 5C1E61F72BCB24B100E4A070 /* NutritionGraph.swift */; };
		5C1E61FA2BCB258A00E4A070 /* NutritionBar.swift in Sources */ = {isa = PBXBuildFile; fileRef = 5C1E61F92BCB258A00E4A070 /* NutritionBar.swift */; };
		5C1E61FD2BCB2BFE00E4A070 /* GoogleService-Info.plist in Resources */ = {isa = PBXBuildFile; fileRef = 5C1E61FC2BCB2BFE00E4A070 /* GoogleService-Info.plist */; };
		5C1E62022BCB2CD900E4A070 /* FirebaseDatabase in Frameworks */ = {isa = PBXBuildFile; productRef = 5C1E62012BCB2CD900E4A070 /* FirebaseDatabase */; };
		5C1E62042BCB2CD900E4A070 /* FirebaseFirestore in Frameworks */ = {isa = PBXBuildFile; productRef = 5C1E62032BCB2CD900E4A070 /* FirebaseFirestore */; };
		5C1E62062BCB2CD900E4A070 /* FirebaseStorage in Frameworks */ = {isa = PBXBuildFile; productRef = 5C1E62052BCB2CD900E4A070 /* FirebaseStorage */; };
		5C1E62092BCB2D2B00E4A070 /* FirebaseAuthUI in Frameworks */ = {isa = PBXBuildFile; productRef = 5C1E62082BCB2D2B00E4A070 /* FirebaseAuthUI */; };
		5C1E620B2BCB2D2B00E4A070 /* FirebaseDatabaseUI in Frameworks */ = {isa = PBXBuildFile; productRef = 5C1E620A2BCB2D2B00E4A070 /* FirebaseDatabaseUI */; };
		5C1E620D2BCB2D2B00E4A070 /* FirebaseEmailAuthUI in Frameworks */ = {isa = PBXBuildFile; productRef = 5C1E620C2BCB2D2B00E4A070 /* FirebaseEmailAuthUI */; };
		5C1E620F2BCB2D2B00E4A070 /* FirebaseStorageUI in Frameworks */ = {isa = PBXBuildFile; productRef = 5C1E620E2BCB2D2B00E4A070 /* FirebaseStorageUI */; };
		5C1E62152BCB4F2300E4A070 /* MacroMonkeyAuth.swift in Sources */ = {isa = PBXBuildFile; fileRef = 5C1E62142BCB4F2300E4A070 /* MacroMonkeyAuth.swift */; };
		5C1E62172BCB4F7700E4A070 /* MacroMonkeyDatabase.swift in Sources */ = {isa = PBXBuildFile; fileRef = 5C1E62162BCB4F7700E4A070 /* MacroMonkeyDatabase.swift */; };
		5C1E621A2BCC3F1C00E4A070 /* AppUser.swift in Sources */ = {isa = PBXBuildFile; fileRef = 5C1E62192BCC3F1C00E4A070 /* AppUser.swift */; };
		5C1E621C2BCC44EC00E4A070 /* AuthenticationViewController.swift in Sources */ = {isa = PBXBuildFile; fileRef = 5C1E621B2BCC44EC00E4A070 /* AuthenticationViewController.swift */; };
		5C1E621E2BCC452A00E4A070 /* MacroMonkeyAppDelegate.swift in Sources */ = {isa = PBXBuildFile; fileRef = 5C1E621D2BCC452A00E4A070 /* MacroMonkeyAppDelegate.swift */; };
		5C1E62202BCC472600E4A070 /* Food.swift in Sources */ = {isa = PBXBuildFile; fileRef = 5C1E621F2BCC472600E4A070 /* Food.swift */; };
		5C1E62252BCCA49300E4A070 /* Home.swift in Sources */ = {isa = PBXBuildFile; fileRef = 5C1E62242BCCA49300E4A070 /* Home.swift */; };
		5C1E62272BCCA51100E4A070 /* FoodJournalList.swift in Sources */ = {isa = PBXBuildFile; fileRef = 5C1E62262BCCA51100E4A070 /* FoodJournalList.swift */; };
		5C1E622A2BCCBDC700E4A070 /* FoodAPIDetail.swift in Sources */ = {isa = PBXBuildFile; fileRef = 5C1E62292BCCBDC700E4A070 /* FoodAPIDetail.swift */; };
		5C1E622D2BCDB05400E4A070 /* Profile.swift in Sources */ = {isa = PBXBuildFile; fileRef = 5C1E622C2BCDB05300E4A070 /* Profile.swift */; };
		5C1E622F2BCE4D4500E4A070 /* Journal.swift in Sources */ = {isa = PBXBuildFile; fileRef = 5C1E622E2BCE4D4500E4A070 /* Journal.swift */; };
		5C1E62312BCF159000E4A070 /* ProfileSetup.swift in Sources */ = {isa = PBXBuildFile; fileRef = 5C1E62302BCF159000E4A070 /* ProfileSetup.swift */; };
		5C1E72122BD31A1E00883CDC /* FoodAPI.swift in Sources */ = {isa = PBXBuildFile; fileRef = 5C1E72112BD31A1E00883CDC /* FoodAPI.swift */; };
		5C1E72142BD31E0300883CDC /* APIKeyViewHelper.swift in Sources */ = {isa = PBXBuildFile; fileRef = 5C1E72132BD31E0300883CDC /* APIKeyViewHelper.swift */; };
		5C1E72162BD3416A00883CDC /* MacroFoodRow.swift in Sources */ = {isa = PBXBuildFile; fileRef = 5C1E72152BD3416A00883CDC /* MacroFoodRow.swift */; };
		5C1E72182BD345C100883CDC /* MacroValueCell.swift in Sources */ = {isa = PBXBuildFile; fileRef = 5C1E72172BD345C100883CDC /* MacroValueCell.swift */; };
		5C5A343E2BCF1C1E005DE7E8 /* FirebaseAuth in Frameworks */ = {isa = PBXBuildFile; productRef = 5C5A343D2BCF1C1E005DE7E8 /* FirebaseAuth */; };
		5C60D2382BD3556C0025AAF8 /* Entry.swift in Sources */ = {isa = PBXBuildFile; fileRef = 5C60D2372BD3556C0025AAF8 /* Entry.swift */; };
		5C7B735A2BD1B0BC00BBF190 /* FoodSearchView.swift in Sources */ = {isa = PBXBuildFile; fileRef = 5C7B73592BD1B0BC00BBF190 /* FoodSearchView.swift */; };
		5C8ABEB92BDF0D8A00674307 /* LittleJournalView.swift in Sources */ = {isa = PBXBuildFile; fileRef = 5C8ABEB82BDF0D8A00674307 /* LittleJournalView.swift */; };
		5C8ABEBB2BDF0DDF00674307 /* MacroFoodList.swift in Sources */ = {isa = PBXBuildFile; fileRef = 5C8ABEBA2BDF0DDF00674307 /* MacroFoodList.swift */; };
		5C8ABEBD2BDF58BC00674307 /* JournalTesterView.swift in Sources */ = {isa = PBXBuildFile; fileRef = 5C8ABEBC2BDF58BC00674307 /* JournalTesterView.swift */; };
		5C91F55B2BC5DE4600AEDC89 /* MacroMonkeyApp.swift in Sources */ = {isa = PBXBuildFile; fileRef = 5C91F55A2BC5DE4600AEDC89 /* MacroMonkeyApp.swift */; };
		5C91F55D2BC5DE4600AEDC89 /* ContentView.swift in Sources */ = {isa = PBXBuildFile; fileRef = 5C91F55C2BC5DE4600AEDC89 /* ContentView.swift */; };
		5C91F55F2BC5DE4800AEDC89 /* Assets.xcassets in Resources */ = {isa = PBXBuildFile; fileRef = 5C91F55E2BC5DE4800AEDC89 /* Assets.xcassets */; };
		5C91F5622BC5DE4800AEDC89 /* Preview Assets.xcassets in Resources */ = {isa = PBXBuildFile; fileRef = 5C91F5612BC5DE4800AEDC89 /* Preview Assets.xcassets */; };
		5C91F56C2BC5DE4800AEDC89 /* MacroMonkeyTests.swift in Sources */ = {isa = PBXBuildFile; fileRef = 5C91F56B2BC5DE4800AEDC89 /* MacroMonkeyTests.swift */; };
		5C91F5762BC5DE4800AEDC89 /* MacroMonkeyUITests.swift in Sources */ = {isa = PBXBuildFile; fileRef = 5C91F5752BC5DE4800AEDC89 /* MacroMonkeyUITests.swift */; };
		5C91F5782BC5DE4800AEDC89 /* MacroMonkeyUITestsLaunchTests.swift in Sources */ = {isa = PBXBuildFile; fileRef = 5C91F5772BC5DE4800AEDC89 /* MacroMonkeyUITestsLaunchTests.swift */; };
		5C91F6122BCB21A500AEDC89 /* AsyncCircleImage.swift in Sources */ = {isa = PBXBuildFile; fileRef = 5C91F6112BCB21A500AEDC89 /* AsyncCircleImage.swift */; };
		5C91F6142BCB222700AEDC89 /* FavoriteButton.swift in Sources */ = {isa = PBXBuildFile; fileRef = 5C91F6132BCB222700AEDC89 /* FavoriteButton.swift */; };
		5C94AEF42BDEF8E6008B00D8 /* PlanProgressView.swift in Sources */ = {isa = PBXBuildFile; fileRef = 5C94AEF32BDEF8E6008B00D8 /* PlanProgressView.swift */; };
		5C94AEF72BDEFBEC008B00D8 /* Badge.swift in Sources */ = {isa = PBXBuildFile; fileRef = 5C94AEF62BDEFBEB008B00D8 /* Badge.swift */; };
		5C94AEF92BDEFC14008B00D8 /* RotatedBadgeSymbol.swift in Sources */ = {isa = PBXBuildFile; fileRef = 5C94AEF82BDEFC14008B00D8 /* RotatedBadgeSymbol.swift */; };
		5C94AEFB2BDEFC2C008B00D8 /* BadgeSymbol.swift in Sources */ = {isa = PBXBuildFile; fileRef = 5C94AEFA2BDEFC2C008B00D8 /* BadgeSymbol.swift */; };
		5C94AEFD2BDEFC6D008B00D8 /* BadgeBackground.swift in Sources */ = {isa = PBXBuildFile; fileRef = 5C94AEFC2BDEFC6D008B00D8 /* BadgeBackground.swift */; };
		5C94AEFF2BDEFC88008B00D8 /* HexagonParameters.swift in Sources */ = {isa = PBXBuildFile; fileRef = 5C94AEFE2BDEFC88008B00D8 /* HexagonParameters.swift */; };
		5C94AF012BDEFCFD008B00D8 /* BadgesCollected.swift in Sources */ = {isa = PBXBuildFile; fileRef = 5C94AF002BDEFCFD008B00D8 /* BadgesCollected.swift */; };
		5C94AF032BDEFD34008B00D8 /* HikeBadge.swift in Sources */ = {isa = PBXBuildFile; fileRef = 5C94AF022BDEFD34008B00D8 /* HikeBadge.swift */; };
		5C94AF052BDEFDE4008B00D8 /* Stats.swift in Sources */ = {isa = PBXBuildFile; fileRef = 5C94AF042BDEFDE4008B00D8 /* Stats.swift */; };
/* End PBXBuildFile section */

/* Begin PBXContainerItemProxy section */
		5C91F5682BC5DE4800AEDC89 /* PBXContainerItemProxy */ = {
			isa = PBXContainerItemProxy;
			containerPortal = 5C91F54F2BC5DE4600AEDC89 /* Project object */;
			proxyType = 1;
			remoteGlobalIDString = 5C91F5562BC5DE4600AEDC89;
			remoteInfo = MacroMonkey;
		};
		5C91F5722BC5DE4800AEDC89 /* PBXContainerItemProxy */ = {
			isa = PBXContainerItemProxy;
			containerPortal = 5C91F54F2BC5DE4600AEDC89 /* Project object */;
			proxyType = 1;
			remoteGlobalIDString = 5C91F5562BC5DE4600AEDC89;
			remoteInfo = MacroMonkey;
		};
/* End PBXContainerItemProxy section */

/* Begin PBXFileReference section */
		5C15B5B02BCF93ED00C2C39B /* ProfileEditor.swift */ = {isa = PBXFileReference; lastKnownFileType = sourcecode.swift; path = ProfileEditor.swift; sourceTree = "<group>"; };
		5C15B5B62BD0560700C2C39B /* SpoonacularService.swift */ = {isa = PBXFileReference; lastKnownFileType = sourcecode.swift; path = SpoonacularService.swift; sourceTree = "<group>"; };
		5C15B5B92BD0597500C2C39B /* TenDayBlock.swift */ = {isa = PBXFileReference; lastKnownFileType = sourcecode.swift; path = TenDayBlock.swift; sourceTree = "<group>"; };
		5C15B5BB2BD05E0600C2C39B /* Calend.swift */ = {isa = PBXFileReference; lastKnownFileType = sourcecode.swift; path = Calend.swift; sourceTree = "<group>"; };
		5C160D162BDDB06D00BDA912 /* otherDayView.swift */ = {isa = PBXFileReference; lastKnownFileType = sourcecode.swift; path = otherDayView.swift; sourceTree = "<group>"; };
		5C160D182BDDB32300BDA912 /* anotherCalenderView.swift */ = {isa = PBXFileReference; lastKnownFileType = sourcecode.swift; path = anotherCalenderView.swift; sourceTree = "<group>"; };
		5C160D1A2BDDC7EE00BDA912 /* MonkeyUser.swift */ = {isa = PBXFileReference; lastKnownFileType = sourcecode.swift; path = MonkeyUser.swift; sourceTree = "<group>"; };
		5C1710D62BDDED8D005123E6 /* MacroMonkeyDBHelperView.swift */ = {isa = PBXFileReference; lastKnownFileType = sourcecode.swift; path = MacroMonkeyDBHelperView.swift; sourceTree = "<group>"; };
		5C1710D82BDE21DC005123E6 /* FoodDetail.swift */ = {isa = PBXFileReference; lastKnownFileType = sourcecode.swift; path = FoodDetail.swift; sourceTree = "<group>"; };
		5C1CFCE72BD0DF3100163838 /* Config.plist */ = {isa = PBXFileReference; lastKnownFileType = text.plist.xml; path = Config.plist; sourceTree = "<group>"; };
		5C1CFCE92BD0E12B00163838 /* APIConfigAccess.swift */ = {isa = PBXFileReference; lastKnownFileType = sourcecode.swift; path = APIConfigAccess.swift; sourceTree = "<group>"; };
		5C1E61F52BCB247500E4A070 /* ColorExtension.swift */ = {isa = PBXFileReference; lastKnownFileType = sourcecode.swift; path = ColorExtension.swift; sourceTree = "<group>"; };
		5C1E61F72BCB24B100E4A070 /* NutritionGraph.swift */ = {isa = PBXFileReference; lastKnownFileType = sourcecode.swift; path = NutritionGraph.swift; sourceTree = "<group>"; };
		5C1E61F92BCB258A00E4A070 /* NutritionBar.swift */ = {isa = PBXFileReference; lastKnownFileType = sourcecode.swift; path = NutritionBar.swift; sourceTree = "<group>"; };
		5C1E61FC2BCB2BFE00E4A070 /* GoogleService-Info.plist */ = {isa = PBXFileReference; fileEncoding = 4; lastKnownFileType = text.plist.xml; path = "GoogleService-Info.plist"; sourceTree = "<group>"; };
		5C1E62102BCB3F2500E4A070 /* TODO.md */ = {isa = PBXFileReference; lastKnownFileType = net.daringfireball.markdown; path = TODO.md; sourceTree = "<group>"; };
		5C1E62112BCB3F7300E4A070 /* ABOUT.md */ = {isa = PBXFileReference; lastKnownFileType = net.daringfireball.markdown; path = ABOUT.md; sourceTree = "<group>"; };
		5C1E62142BCB4F2300E4A070 /* MacroMonkeyAuth.swift */ = {isa = PBXFileReference; lastKnownFileType = sourcecode.swift; path = MacroMonkeyAuth.swift; sourceTree = "<group>"; };
		5C1E62162BCB4F7700E4A070 /* MacroMonkeyDatabase.swift */ = {isa = PBXFileReference; lastKnownFileType = sourcecode.swift; path = MacroMonkeyDatabase.swift; sourceTree = "<group>"; };
		5C1E62192BCC3F1C00E4A070 /* AppUser.swift */ = {isa = PBXFileReference; lastKnownFileType = sourcecode.swift; path = AppUser.swift; sourceTree = "<group>"; };
		5C1E621B2BCC44EC00E4A070 /* AuthenticationViewController.swift */ = {isa = PBXFileReference; lastKnownFileType = sourcecode.swift; path = AuthenticationViewController.swift; sourceTree = "<group>"; };
		5C1E621D2BCC452A00E4A070 /* MacroMonkeyAppDelegate.swift */ = {isa = PBXFileReference; lastKnownFileType = sourcecode.swift; path = MacroMonkeyAppDelegate.swift; sourceTree = "<group>"; };
		5C1E621F2BCC472600E4A070 /* Food.swift */ = {isa = PBXFileReference; lastKnownFileType = sourcecode.swift; path = Food.swift; sourceTree = "<group>"; };
		5C1E62222BCC49BA00E4A070 /* ideation.md */ = {isa = PBXFileReference; lastKnownFileType = net.daringfireball.markdown; path = ideation.md; sourceTree = "<group>"; };
		5C1E62232BCC4BF400E4A070 /* pitch.md */ = {isa = PBXFileReference; lastKnownFileType = net.daringfireball.markdown; path = pitch.md; sourceTree = "<group>"; };
		5C1E62242BCCA49300E4A070 /* Home.swift */ = {isa = PBXFileReference; lastKnownFileType = sourcecode.swift; path = Home.swift; sourceTree = "<group>"; };
		5C1E62262BCCA51100E4A070 /* FoodJournalList.swift */ = {isa = PBXFileReference; lastKnownFileType = sourcecode.swift; path = FoodJournalList.swift; sourceTree = "<group>"; };
		5C1E62292BCCBDC700E4A070 /* FoodAPIDetail.swift */ = {isa = PBXFileReference; lastKnownFileType = sourcecode.swift; path = FoodAPIDetail.swift; sourceTree = "<group>"; };
		5C1E622C2BCDB05300E4A070 /* Profile.swift */ = {isa = PBXFileReference; lastKnownFileType = sourcecode.swift; path = Profile.swift; sourceTree = "<group>"; };
		5C1E622E2BCE4D4500E4A070 /* Journal.swift */ = {isa = PBXFileReference; lastKnownFileType = sourcecode.swift; path = Journal.swift; sourceTree = "<group>"; };
		5C1E62302BCF159000E4A070 /* ProfileSetup.swift */ = {isa = PBXFileReference; lastKnownFileType = sourcecode.swift; path = ProfileSetup.swift; sourceTree = "<group>"; };
		5C1E72112BD31A1E00883CDC /* FoodAPI.swift */ = {isa = PBXFileReference; lastKnownFileType = sourcecode.swift; path = FoodAPI.swift; sourceTree = "<group>"; };
		5C1E72132BD31E0300883CDC /* APIKeyViewHelper.swift */ = {isa = PBXFileReference; lastKnownFileType = sourcecode.swift; path = APIKeyViewHelper.swift; sourceTree = "<group>"; };
		5C1E72152BD3416A00883CDC /* MacroFoodRow.swift */ = {isa = PBXFileReference; lastKnownFileType = sourcecode.swift; path = MacroFoodRow.swift; sourceTree = "<group>"; };
		5C1E72172BD345C100883CDC /* MacroValueCell.swift */ = {isa = PBXFileReference; lastKnownFileType = sourcecode.swift; path = MacroValueCell.swift; sourceTree = "<group>"; };
		5C60D2372BD3556C0025AAF8 /* Entry.swift */ = {isa = PBXFileReference; lastKnownFileType = sourcecode.swift; path = Entry.swift; sourceTree = "<group>"; };
		5C7B73592BD1B0BC00BBF190 /* FoodSearchView.swift */ = {isa = PBXFileReference; lastKnownFileType = sourcecode.swift; path = FoodSearchView.swift; sourceTree = "<group>"; };
		5C8ABEB82BDF0D8A00674307 /* LittleJournalView.swift */ = {isa = PBXFileReference; lastKnownFileType = sourcecode.swift; path = LittleJournalView.swift; sourceTree = "<group>"; };
		5C8ABEBA2BDF0DDF00674307 /* MacroFoodList.swift */ = {isa = PBXFileReference; lastKnownFileType = sourcecode.swift; path = MacroFoodList.swift; sourceTree = "<group>"; };
		5C8ABEBC2BDF58BC00674307 /* JournalTesterView.swift */ = {isa = PBXFileReference; lastKnownFileType = sourcecode.swift; path = JournalTesterView.swift; sourceTree = "<group>"; };
		5C91F5572BC5DE4600AEDC89 /* MacroMonkey.app */ = {isa = PBXFileReference; explicitFileType = wrapper.application; includeInIndex = 0; path = MacroMonkey.app; sourceTree = BUILT_PRODUCTS_DIR; };
		5C91F55A2BC5DE4600AEDC89 /* MacroMonkeyApp.swift */ = {isa = PBXFileReference; lastKnownFileType = sourcecode.swift; path = MacroMonkeyApp.swift; sourceTree = "<group>"; };
		5C91F55C2BC5DE4600AEDC89 /* ContentView.swift */ = {isa = PBXFileReference; lastKnownFileType = sourcecode.swift; path = ContentView.swift; sourceTree = "<group>"; };
		5C91F55E2BC5DE4800AEDC89 /* Assets.xcassets */ = {isa = PBXFileReference; lastKnownFileType = folder.assetcatalog; path = Assets.xcassets; sourceTree = "<group>"; };
		5C91F5612BC5DE4800AEDC89 /* Preview Assets.xcassets */ = {isa = PBXFileReference; lastKnownFileType = folder.assetcatalog; path = "Preview Assets.xcassets"; sourceTree = "<group>"; };
		5C91F5672BC5DE4800AEDC89 /* MacroMonkeyTests.xctest */ = {isa = PBXFileReference; explicitFileType = wrapper.cfbundle; includeInIndex = 0; path = MacroMonkeyTests.xctest; sourceTree = BUILT_PRODUCTS_DIR; };
		5C91F56B2BC5DE4800AEDC89 /* MacroMonkeyTests.swift */ = {isa = PBXFileReference; lastKnownFileType = sourcecode.swift; path = MacroMonkeyTests.swift; sourceTree = "<group>"; };
		5C91F5712BC5DE4800AEDC89 /* MacroMonkeyUITests.xctest */ = {isa = PBXFileReference; explicitFileType = wrapper.cfbundle; includeInIndex = 0; path = MacroMonkeyUITests.xctest; sourceTree = BUILT_PRODUCTS_DIR; };
		5C91F5752BC5DE4800AEDC89 /* MacroMonkeyUITests.swift */ = {isa = PBXFileReference; lastKnownFileType = sourcecode.swift; path = MacroMonkeyUITests.swift; sourceTree = "<group>"; };
		5C91F5772BC5DE4800AEDC89 /* MacroMonkeyUITestsLaunchTests.swift */ = {isa = PBXFileReference; lastKnownFileType = sourcecode.swift; path = MacroMonkeyUITestsLaunchTests.swift; sourceTree = "<group>"; };
		5C91F6112BCB21A500AEDC89 /* AsyncCircleImage.swift */ = {isa = PBXFileReference; lastKnownFileType = sourcecode.swift; path = AsyncCircleImage.swift; sourceTree = "<group>"; };
		5C91F6132BCB222700AEDC89 /* FavoriteButton.swift */ = {isa = PBXFileReference; lastKnownFileType = sourcecode.swift; path = FavoriteButton.swift; sourceTree = "<group>"; };
		5C94AEF32BDEF8E6008B00D8 /* PlanProgressView.swift */ = {isa = PBXFileReference; lastKnownFileType = sourcecode.swift; path = PlanProgressView.swift; sourceTree = "<group>"; };
		5C94AEF62BDEFBEB008B00D8 /* Badge.swift */ = {isa = PBXFileReference; lastKnownFileType = sourcecode.swift; path = Badge.swift; sourceTree = "<group>"; };
		5C94AEF82BDEFC14008B00D8 /* RotatedBadgeSymbol.swift */ = {isa = PBXFileReference; lastKnownFileType = sourcecode.swift; path = RotatedBadgeSymbol.swift; sourceTree = "<group>"; };
		5C94AEFA2BDEFC2C008B00D8 /* BadgeSymbol.swift */ = {isa = PBXFileReference; lastKnownFileType = sourcecode.swift; path = BadgeSymbol.swift; sourceTree = "<group>"; };
		5C94AEFC2BDEFC6D008B00D8 /* BadgeBackground.swift */ = {isa = PBXFileReference; lastKnownFileType = sourcecode.swift; path = BadgeBackground.swift; sourceTree = "<group>"; };
		5C94AEFE2BDEFC88008B00D8 /* HexagonParameters.swift */ = {isa = PBXFileReference; lastKnownFileType = sourcecode.swift; path = HexagonParameters.swift; sourceTree = "<group>"; };
		5C94AF002BDEFCFD008B00D8 /* BadgesCollected.swift */ = {isa = PBXFileReference; lastKnownFileType = sourcecode.swift; path = BadgesCollected.swift; sourceTree = "<group>"; };
		5C94AF022BDEFD34008B00D8 /* HikeBadge.swift */ = {isa = PBXFileReference; lastKnownFileType = sourcecode.swift; path = HikeBadge.swift; sourceTree = "<group>"; };
		5C94AF042BDEFDE4008B00D8 /* Stats.swift */ = {isa = PBXFileReference; lastKnownFileType = sourcecode.swift; path = Stats.swift; sourceTree = "<group>"; };
/* End PBXFileReference section */

/* Begin PBXFrameworksBuildPhase section */
		5C91F5542BC5DE4600AEDC89 /* Frameworks */ = {
			isa = PBXFrameworksBuildPhase;
			buildActionMask = 2147483647;
			files = (
				5C1E62022BCB2CD900E4A070 /* FirebaseDatabase in Frameworks */,
				5C1E62062BCB2CD900E4A070 /* FirebaseStorage in Frameworks */,
				5C1E620B2BCB2D2B00E4A070 /* FirebaseDatabaseUI in Frameworks */,
				5C1E62042BCB2CD900E4A070 /* FirebaseFirestore in Frameworks */,
				5C1E620F2BCB2D2B00E4A070 /* FirebaseStorageUI in Frameworks */,
				5C1E620D2BCB2D2B00E4A070 /* FirebaseEmailAuthUI in Frameworks */,
				5C1E62092BCB2D2B00E4A070 /* FirebaseAuthUI in Frameworks */,
				5C5A343E2BCF1C1E005DE7E8 /* FirebaseAuth in Frameworks */,
			);
			runOnlyForDeploymentPostprocessing = 0;
		};
		5C91F5642BC5DE4800AEDC89 /* Frameworks */ = {
			isa = PBXFrameworksBuildPhase;
			buildActionMask = 2147483647;
			files = (
			);
			runOnlyForDeploymentPostprocessing = 0;
		};
		5C91F56E2BC5DE4800AEDC89 /* Frameworks */ = {
			isa = PBXFrameworksBuildPhase;
			buildActionMask = 2147483647;
			files = (
			);
			runOnlyForDeploymentPostprocessing = 0;
		};
/* End PBXFrameworksBuildPhase section */

/* Begin PBXGroup section */
		5C15B5B22BCFAEBE00C2C39B /* FoodSearchView */ = {
			isa = PBXGroup;
			children = (
				5C7B73592BD1B0BC00BBF190 /* FoodSearchView.swift */,
				5C1E62292BCCBDC700E4A070 /* FoodAPIDetail.swift */,
			);
			path = FoodSearchView;
			sourceTree = "<group>";
		};
		5C15B5B82BD0595200C2C39B /* CalendarView */ = {
			isa = PBXGroup;
			children = (
				5C15B5B92BD0597500C2C39B /* TenDayBlock.swift */,
				5C15B5BB2BD05E0600C2C39B /* Calend.swift */,
				5C160D162BDDB06D00BDA912 /* otherDayView.swift */,
				5C160D182BDDB32300BDA912 /* anotherCalenderView.swift */,
				5C94AEF32BDEF8E6008B00D8 /* PlanProgressView.swift */,
				5C94AF042BDEFDE4008B00D8 /* Stats.swift */,
			);
			path = CalendarView;
			sourceTree = "<group>";
		};
		5C1CFCE02BD0967800163838 /* APICallService */ = {
			isa = PBXGroup;
			children = (
				5C15B5B62BD0560700C2C39B /* SpoonacularService.swift */,
				5C1CFCE92BD0E12B00163838 /* APIConfigAccess.swift */,
				5C1E72132BD31E0300883CDC /* APIKeyViewHelper.swift */,
			);
			path = APICallService;
			sourceTree = "<group>";
		};
		5C1E61F42BCB246300E4A070 /* NutritionView */ = {
			isa = PBXGroup;
			children = (
				5C1E61F72BCB24B100E4A070 /* NutritionGraph.swift */,
				5C1E61F92BCB258A00E4A070 /* NutritionBar.swift */,
				5C1E72152BD3416A00883CDC /* MacroFoodRow.swift */,
				5C1E72172BD345C100883CDC /* MacroValueCell.swift */,
			);
			path = NutritionView;
			sourceTree = "<group>";
		};
		5C1E61FB2BCB29D200E4A070 /* Views */ = {
			isa = PBXGroup;
			children = (
				5C8ABEB72BDF0D1900674307 /* AltJournalView */,
				5C94AEF52BDEFBDD008B00D8 /* Badges */,
				5C15B5B82BD0595200C2C39B /* CalendarView */,
				5C15B5B22BCFAEBE00C2C39B /* FoodSearchView */,
				5C1E622B2BCDB04100E4A070 /* UserProfileView */,
				5C91F6102BCB219400AEDC89 /* Helper */,
				5C1E61F42BCB246300E4A070 /* NutritionView */,
				5C1E621B2BCC44EC00E4A070 /* AuthenticationViewController.swift */,
				5C1E62242BCCA49300E4A070 /* Home.swift */,
				5C1E62262BCCA51100E4A070 /* FoodJournalList.swift */,
				5C1710D82BDE21DC005123E6 /* FoodDetail.swift */,
			);
			path = Views;
			sourceTree = "<group>";
		};
		5C1E62122BCB4EFD00E4A070 /* DBService */ = {
			isa = PBXGroup;
			children = (
				5C1E62142BCB4F2300E4A070 /* MacroMonkeyAuth.swift */,
				5C1E62162BCB4F7700E4A070 /* MacroMonkeyDatabase.swift */,
				5C1710D62BDDED8D005123E6 /* MacroMonkeyDBHelperView.swift */,
				5C8ABEBC2BDF58BC00674307 /* JournalTesterView.swift */,
			);
			path = DBService;
			sourceTree = "<group>";
		};
		5C1E62182BCC3EF200E4A070 /* Models */ = {
			isa = PBXGroup;
			children = (
				5C1E62192BCC3F1C00E4A070 /* AppUser.swift */,
				5C1E621F2BCC472600E4A070 /* Food.swift */,
				5C1E622E2BCE4D4500E4A070 /* Journal.swift */,
				5C1E72112BD31A1E00883CDC /* FoodAPI.swift */,
				5C60D2372BD3556C0025AAF8 /* Entry.swift */,
				5C160D1A2BDDC7EE00BDA912 /* MonkeyUser.swift */,
			);
			path = Models;
			sourceTree = "<group>";
		};
		5C1E62212BCC498800E4A070 /* Docs */ = {
			isa = PBXGroup;
			children = (
				5C1E62112BCB3F7300E4A070 /* ABOUT.md */,
				5C1E62222BCC49BA00E4A070 /* ideation.md */,
				5C1E62232BCC4BF400E4A070 /* pitch.md */,
			);
			path = Docs;
			sourceTree = "<group>";
		};
		5C1E622B2BCDB04100E4A070 /* UserProfileView */ = {
			isa = PBXGroup;
			children = (
				5C1E622C2BCDB05300E4A070 /* Profile.swift */,
				5C1E62302BCF159000E4A070 /* ProfileSetup.swift */,
				5C15B5B02BCF93ED00C2C39B /* ProfileEditor.swift */,
			);
			path = UserProfileView;
			sourceTree = "<group>";
		};
		5C8ABEB72BDF0D1900674307 /* AltJournalView */ = {
			isa = PBXGroup;
			children = (
				5C8ABEB82BDF0D8A00674307 /* LittleJournalView.swift */,
				5C8ABEBA2BDF0DDF00674307 /* MacroFoodList.swift */,
			);
			path = AltJournalView;
			sourceTree = "<group>";
		};
		5C91F54E2BC5DE4600AEDC89 = {
			isa = PBXGroup;
			children = (
				5C1CFCE72BD0DF3100163838 /* Config.plist */,
				5C1E62212BCC498800E4A070 /* Docs */,
				5C91F5592BC5DE4600AEDC89 /* MacroMonkey */,
				5C91F56A2BC5DE4800AEDC89 /* MacroMonkeyTests */,
				5C91F5742BC5DE4800AEDC89 /* MacroMonkeyUITests */,
				5C91F5582BC5DE4600AEDC89 /* Products */,
			);
			sourceTree = "<group>";
		};
		5C91F5582BC5DE4600AEDC89 /* Products */ = {
			isa = PBXGroup;
			children = (
				5C91F5572BC5DE4600AEDC89 /* MacroMonkey.app */,
				5C91F5672BC5DE4800AEDC89 /* MacroMonkeyTests.xctest */,
				5C91F5712BC5DE4800AEDC89 /* MacroMonkeyUITests.xctest */,
			);
			name = Products;
			sourceTree = "<group>";
		};
		5C91F5592BC5DE4600AEDC89 /* MacroMonkey */ = {
			isa = PBXGroup;
			children = (
				5C1CFCE02BD0967800163838 /* APICallService */,
				5C1E62182BCC3EF200E4A070 /* Models */,
				5C1E61FC2BCB2BFE00E4A070 /* GoogleService-Info.plist */,
				5C1E62122BCB4EFD00E4A070 /* DBService */,
				5C1E61FB2BCB29D200E4A070 /* Views */,
				5C91F55A2BC5DE4600AEDC89 /* MacroMonkeyApp.swift */,
				5C1E621D2BCC452A00E4A070 /* MacroMonkeyAppDelegate.swift */,
				5C91F55C2BC5DE4600AEDC89 /* ContentView.swift */,
				5C91F55E2BC5DE4800AEDC89 /* Assets.xcassets */,
				5C91F5602BC5DE4800AEDC89 /* Preview Content */,
				5C1E62102BCB3F2500E4A070 /* TODO.md */,
			);
			path = MacroMonkey;
			sourceTree = "<group>";
		};
		5C91F5602BC5DE4800AEDC89 /* Preview Content */ = {
			isa = PBXGroup;
			children = (
				5C91F5612BC5DE4800AEDC89 /* Preview Assets.xcassets */,
			);
			path = "Preview Content";
			sourceTree = "<group>";
		};
		5C91F56A2BC5DE4800AEDC89 /* MacroMonkeyTests */ = {
			isa = PBXGroup;
			children = (
				5C91F56B2BC5DE4800AEDC89 /* MacroMonkeyTests.swift */,
			);
			path = MacroMonkeyTests;
			sourceTree = "<group>";
		};
		5C91F5742BC5DE4800AEDC89 /* MacroMonkeyUITests */ = {
			isa = PBXGroup;
			children = (
				5C91F5752BC5DE4800AEDC89 /* MacroMonkeyUITests.swift */,
				5C91F5772BC5DE4800AEDC89 /* MacroMonkeyUITestsLaunchTests.swift */,
			);
			path = MacroMonkeyUITests;
			sourceTree = "<group>";
		};
		5C91F6102BCB219400AEDC89 /* Helper */ = {
			isa = PBXGroup;
			children = (
				5C1E61F52BCB247500E4A070 /* ColorExtension.swift */,
				5C91F6112BCB21A500AEDC89 /* AsyncCircleImage.swift */,
				5C91F6132BCB222700AEDC89 /* FavoriteButton.swift */,
			);
			path = Helper;
			sourceTree = "<group>";
		};
		5C94AEF52BDEFBDD008B00D8 /* Badges */ = {
			isa = PBXGroup;
			children = (
				5C94AEF62BDEFBEB008B00D8 /* Badge.swift */,
				5C94AEF82BDEFC14008B00D8 /* RotatedBadgeSymbol.swift */,
				5C94AEFA2BDEFC2C008B00D8 /* BadgeSymbol.swift */,
				5C94AEFC2BDEFC6D008B00D8 /* BadgeBackground.swift */,
				5C94AEFE2BDEFC88008B00D8 /* HexagonParameters.swift */,
				5C94AF002BDEFCFD008B00D8 /* BadgesCollected.swift */,
				5C94AF022BDEFD34008B00D8 /* HikeBadge.swift */,
			);
			path = Badges;
			sourceTree = "<group>";
		};
/* End PBXGroup section */

/* Begin PBXNativeTarget section */
		5C91F5562BC5DE4600AEDC89 /* MacroMonkey */ = {
			isa = PBXNativeTarget;
			buildConfigurationList = 5C91F57B2BC5DE4800AEDC89 /* Build configuration list for PBXNativeTarget "MacroMonkey" */;
			buildPhases = (
				5C91F5532BC5DE4600AEDC89 /* Sources */,
				5C91F5542BC5DE4600AEDC89 /* Frameworks */,
				5C91F5552BC5DE4600AEDC89 /* Resources */,
			);
			buildRules = (
			);
			dependencies = (
			);
			name = MacroMonkey;
			packageProductDependencies = (
				5C1E62012BCB2CD900E4A070 /* FirebaseDatabase */,
				5C1E62032BCB2CD900E4A070 /* FirebaseFirestore */,
				5C1E62052BCB2CD900E4A070 /* FirebaseStorage */,
				5C1E62082BCB2D2B00E4A070 /* FirebaseAuthUI */,
				5C1E620A2BCB2D2B00E4A070 /* FirebaseDatabaseUI */,
				5C1E620C2BCB2D2B00E4A070 /* FirebaseEmailAuthUI */,
				5C1E620E2BCB2D2B00E4A070 /* FirebaseStorageUI */,
				5C5A343D2BCF1C1E005DE7E8 /* FirebaseAuth */,
			);
			productName = MacroMonkey;
			productReference = 5C91F5572BC5DE4600AEDC89 /* MacroMonkey.app */;
			productType = "com.apple.product-type.application";
		};
		5C91F5662BC5DE4800AEDC89 /* MacroMonkeyTests */ = {
			isa = PBXNativeTarget;
			buildConfigurationList = 5C91F57E2BC5DE4800AEDC89 /* Build configuration list for PBXNativeTarget "MacroMonkeyTests" */;
			buildPhases = (
				5C91F5632BC5DE4800AEDC89 /* Sources */,
				5C91F5642BC5DE4800AEDC89 /* Frameworks */,
				5C91F5652BC5DE4800AEDC89 /* Resources */,
			);
			buildRules = (
			);
			dependencies = (
				5C91F5692BC5DE4800AEDC89 /* PBXTargetDependency */,
			);
			name = MacroMonkeyTests;
			productName = MacroMonkeyTests;
			productReference = 5C91F5672BC5DE4800AEDC89 /* MacroMonkeyTests.xctest */;
			productType = "com.apple.product-type.bundle.unit-test";
		};
		5C91F5702BC5DE4800AEDC89 /* MacroMonkeyUITests */ = {
			isa = PBXNativeTarget;
			buildConfigurationList = 5C91F5812BC5DE4800AEDC89 /* Build configuration list for PBXNativeTarget "MacroMonkeyUITests" */;
			buildPhases = (
				5C91F56D2BC5DE4800AEDC89 /* Sources */,
				5C91F56E2BC5DE4800AEDC89 /* Frameworks */,
				5C91F56F2BC5DE4800AEDC89 /* Resources */,
			);
			buildRules = (
			);
			dependencies = (
				5C91F5732BC5DE4800AEDC89 /* PBXTargetDependency */,
			);
			name = MacroMonkeyUITests;
			productName = MacroMonkeyUITests;
			productReference = 5C91F5712BC5DE4800AEDC89 /* MacroMonkeyUITests.xctest */;
			productType = "com.apple.product-type.bundle.ui-testing";
		};
/* End PBXNativeTarget section */

/* Begin PBXProject section */
		5C91F54F2BC5DE4600AEDC89 /* Project object */ = {
			isa = PBXProject;
			attributes = {
				BuildIndependentTargetsInParallel = 1;
				LastSwiftUpdateCheck = 1520;
				LastUpgradeCheck = 1520;
				TargetAttributes = {
					5C91F5562BC5DE4600AEDC89 = {
						CreatedOnToolsVersion = 15.2;
					};
					5C91F5662BC5DE4800AEDC89 = {
						CreatedOnToolsVersion = 15.2;
						TestTargetID = 5C91F5562BC5DE4600AEDC89;
					};
					5C91F5702BC5DE4800AEDC89 = {
						CreatedOnToolsVersion = 15.2;
						TestTargetID = 5C91F5562BC5DE4600AEDC89;
					};
				};
			};
			buildConfigurationList = 5C91F5522BC5DE4600AEDC89 /* Build configuration list for PBXProject "MacroMonkey" */;
			compatibilityVersion = "Xcode 14.0";
			developmentRegion = en;
			hasScannedForEncodings = 0;
			knownRegions = (
				en,
				Base,
			);
			mainGroup = 5C91F54E2BC5DE4600AEDC89;
			packageReferences = (
				5C1E61FE2BCB2CD900E4A070 /* XCRemoteSwiftPackageReference "firebase-ios-sdk" */,
				5C1E62072BCB2D2B00E4A070 /* XCRemoteSwiftPackageReference "FirebaseUI-iOS" */,
			);
			productRefGroup = 5C91F5582BC5DE4600AEDC89 /* Products */;
			projectDirPath = "";
			projectRoot = "";
			targets = (
				5C91F5562BC5DE4600AEDC89 /* MacroMonkey */,
				5C91F5662BC5DE4800AEDC89 /* MacroMonkeyTests */,
				5C91F5702BC5DE4800AEDC89 /* MacroMonkeyUITests */,
			);
		};
/* End PBXProject section */

/* Begin PBXResourcesBuildPhase section */
		5C91F5552BC5DE4600AEDC89 /* Resources */ = {
			isa = PBXResourcesBuildPhase;
			buildActionMask = 2147483647;
			files = (
				5C91F5622BC5DE4800AEDC89 /* Preview Assets.xcassets in Resources */,
				5C91F55F2BC5DE4800AEDC89 /* Assets.xcassets in Resources */,
				5C1E61FD2BCB2BFE00E4A070 /* GoogleService-Info.plist in Resources */,
				5C1CFCE82BD0DF3100163838 /* Config.plist in Resources */,
			);
			runOnlyForDeploymentPostprocessing = 0;
		};
		5C91F5652BC5DE4800AEDC89 /* Resources */ = {
			isa = PBXResourcesBuildPhase;
			buildActionMask = 2147483647;
			files = (
			);
			runOnlyForDeploymentPostprocessing = 0;
		};
		5C91F56F2BC5DE4800AEDC89 /* Resources */ = {
			isa = PBXResourcesBuildPhase;
			buildActionMask = 2147483647;
			files = (
			);
			runOnlyForDeploymentPostprocessing = 0;
		};
/* End PBXResourcesBuildPhase section */

/* Begin PBXSourcesBuildPhase section */
		5C91F5532BC5DE4600AEDC89 /* Sources */ = {
			isa = PBXSourcesBuildPhase;
			buildActionMask = 2147483647;
			files = (
				5C94AEF42BDEF8E6008B00D8 /* PlanProgressView.swift in Sources */,
				5C94AF052BDEFDE4008B00D8 /* Stats.swift in Sources */,
				5C60D2382BD3556C0025AAF8 /* Entry.swift in Sources */,
				5C1E622D2BCDB05400E4A070 /* Profile.swift in Sources */,
				5C94AEFD2BDEFC6D008B00D8 /* BadgeBackground.swift in Sources */,
				5C1710D92BDE21DC005123E6 /* FoodDetail.swift in Sources */,
				5C15B5B72BD0560700C2C39B /* SpoonacularService.swift in Sources */,
				5C94AEFB2BDEFC2C008B00D8 /* BadgeSymbol.swift in Sources */,
				5C1CFCEA2BD0E12B00163838 /* APIConfigAccess.swift in Sources */,
				5C15B5BA2BD0597500C2C39B /* TenDayBlock.swift in Sources */,
				5C8ABEB92BDF0D8A00674307 /* LittleJournalView.swift in Sources */,
				5C8ABEBD2BDF58BC00674307 /* JournalTesterView.swift in Sources */,
				5C91F6122BCB21A500AEDC89 /* AsyncCircleImage.swift in Sources */,
				5C94AEFF2BDEFC88008B00D8 /* HexagonParameters.swift in Sources */,
				5C15B5B12BCF93ED00C2C39B /* ProfileEditor.swift in Sources */,
				5C91F55D2BC5DE4600AEDC89 /* ContentView.swift in Sources */,
				5C91F55B2BC5DE4600AEDC89 /* MacroMonkeyApp.swift in Sources */,
				5C91F6142BCB222700AEDC89 /* FavoriteButton.swift in Sources */,
				5C1E61F62BCB247500E4A070 /* ColorExtension.swift in Sources */,
				5C1E61FA2BCB258A00E4A070 /* NutritionBar.swift in Sources */,
				5C1E622A2BCCBDC700E4A070 /* FoodAPIDetail.swift in Sources */,
				5C1E62252BCCA49300E4A070 /* Home.swift in Sources */,
				5C15B5BC2BD05E0600C2C39B /* Calend.swift in Sources */,
				5C94AEF92BDEFC14008B00D8 /* RotatedBadgeSymbol.swift in Sources */,
				5C1E621C2BCC44EC00E4A070 /* AuthenticationViewController.swift in Sources */,
				5C1E62272BCCA51100E4A070 /* FoodJournalList.swift in Sources */,
				5C1E622F2BCE4D4500E4A070 /* Journal.swift in Sources */,
				5C1E621A2BCC3F1C00E4A070 /* AppUser.swift in Sources */,
				5C7B735A2BD1B0BC00BBF190 /* FoodSearchView.swift in Sources */,
				5C1E72162BD3416A00883CDC /* MacroFoodRow.swift in Sources */,
				5C1E621E2BCC452A00E4A070 /* MacroMonkeyAppDelegate.swift in Sources */,
				5C1710D72BDDED8D005123E6 /* MacroMonkeyDBHelperView.swift in Sources */,
				5C94AEF72BDEFBEC008B00D8 /* Badge.swift in Sources */,
				5C1E62202BCC472600E4A070 /* Food.swift in Sources */,
				5C94AF032BDEFD34008B00D8 /* HikeBadge.swift in Sources */,
				5C1E61F82BCB24B100E4A070 /* NutritionGraph.swift in Sources */,
				5C1E62172BCB4F7700E4A070 /* MacroMonkeyDatabase.swift in Sources */,
				5C1E72122BD31A1E00883CDC /* FoodAPI.swift in Sources */,
				5C1E72142BD31E0300883CDC /* APIKeyViewHelper.swift in Sources */,
				5C160D1B2BDDC7EE00BDA912 /* MonkeyUser.swift in Sources */,
				5C1E62152BCB4F2300E4A070 /* MacroMonkeyAuth.swift in Sources */,
				5C8ABEBB2BDF0DDF00674307 /* MacroFoodList.swift in Sources */,
				5C160D172BDDB06D00BDA912 /* otherDayView.swift in Sources */,
				5C1E72182BD345C100883CDC /* MacroValueCell.swift in Sources */,
				5C160D192BDDB32300BDA912 /* anotherCalenderView.swift in Sources */,
				5C1E62312BCF159000E4A070 /* ProfileSetup.swift in Sources */,
				5C94AF012BDEFCFD008B00D8 /* BadgesCollected.swift in Sources */,
			);
			runOnlyForDeploymentPostprocessing = 0;
		};
		5C91F5632BC5DE4800AEDC89 /* Sources */ = {
			isa = PBXSourcesBuildPhase;
			buildActionMask = 2147483647;
			files = (
				5C91F56C2BC5DE4800AEDC89 /* MacroMonkeyTests.swift in Sources */,
			);
			runOnlyForDeploymentPostprocessing = 0;
		};
		5C91F56D2BC5DE4800AEDC89 /* Sources */ = {
			isa = PBXSourcesBuildPhase;
			buildActionMask = 2147483647;
			files = (
				5C91F5782BC5DE4800AEDC89 /* MacroMonkeyUITestsLaunchTests.swift in Sources */,
				5C91F5762BC5DE4800AEDC89 /* MacroMonkeyUITests.swift in Sources */,
			);
			runOnlyForDeploymentPostprocessing = 0;
		};
/* End PBXSourcesBuildPhase section */

/* Begin PBXTargetDependency section */
		5C91F5692BC5DE4800AEDC89 /* PBXTargetDependency */ = {
			isa = PBXTargetDependency;
			target = 5C91F5562BC5DE4600AEDC89 /* MacroMonkey */;
			targetProxy = 5C91F5682BC5DE4800AEDC89 /* PBXContainerItemProxy */;
		};
		5C91F5732BC5DE4800AEDC89 /* PBXTargetDependency */ = {
			isa = PBXTargetDependency;
			target = 5C91F5562BC5DE4600AEDC89 /* MacroMonkey */;
			targetProxy = 5C91F5722BC5DE4800AEDC89 /* PBXContainerItemProxy */;
		};
/* End PBXTargetDependency section */

/* Begin XCBuildConfiguration section */
		5C91F5792BC5DE4800AEDC89 /* Debug */ = {
			isa = XCBuildConfiguration;
			buildSettings = {
				ALWAYS_SEARCH_USER_PATHS = NO;
				ASSETCATALOG_COMPILER_GENERATE_SWIFT_ASSET_SYMBOL_EXTENSIONS = YES;
				CLANG_ANALYZER_NONNULL = YES;
				CLANG_ANALYZER_NUMBER_OBJECT_CONVERSION = YES_AGGRESSIVE;
				CLANG_CXX_LANGUAGE_STANDARD = "gnu++20";
				CLANG_ENABLE_MODULES = YES;
				CLANG_ENABLE_OBJC_ARC = YES;
				CLANG_ENABLE_OBJC_WEAK = YES;
				CLANG_WARN_BLOCK_CAPTURE_AUTORELEASING = YES;
				CLANG_WARN_BOOL_CONVERSION = YES;
				CLANG_WARN_COMMA = YES;
				CLANG_WARN_CONSTANT_CONVERSION = YES;
				CLANG_WARN_DEPRECATED_OBJC_IMPLEMENTATIONS = YES;
				CLANG_WARN_DIRECT_OBJC_ISA_USAGE = YES_ERROR;
				CLANG_WARN_DOCUMENTATION_COMMENTS = YES;
				CLANG_WARN_EMPTY_BODY = YES;
				CLANG_WARN_ENUM_CONVERSION = YES;
				CLANG_WARN_INFINITE_RECURSION = YES;
				CLANG_WARN_INT_CONVERSION = YES;
				CLANG_WARN_NON_LITERAL_NULL_CONVERSION = YES;
				CLANG_WARN_OBJC_IMPLICIT_RETAIN_SELF = YES;
				CLANG_WARN_OBJC_LITERAL_CONVERSION = YES;
				CLANG_WARN_OBJC_ROOT_CLASS = YES_ERROR;
				CLANG_WARN_QUOTED_INCLUDE_IN_FRAMEWORK_HEADER = YES;
				CLANG_WARN_RANGE_LOOP_ANALYSIS = YES;
				CLANG_WARN_STRICT_PROTOTYPES = YES;
				CLANG_WARN_SUSPICIOUS_MOVE = YES;
				CLANG_WARN_UNGUARDED_AVAILABILITY = YES_AGGRESSIVE;
				CLANG_WARN_UNREACHABLE_CODE = YES;
				CLANG_WARN__DUPLICATE_METHOD_MATCH = YES;
				COPY_PHASE_STRIP = NO;
				DEBUG_INFORMATION_FORMAT = dwarf;
				ENABLE_STRICT_OBJC_MSGSEND = YES;
				ENABLE_TESTABILITY = YES;
				ENABLE_USER_SCRIPT_SANDBOXING = YES;
				GCC_C_LANGUAGE_STANDARD = gnu17;
				GCC_DYNAMIC_NO_PIC = NO;
				GCC_NO_COMMON_BLOCKS = YES;
				GCC_OPTIMIZATION_LEVEL = 0;
				GCC_PREPROCESSOR_DEFINITIONS = (
					"DEBUG=1",
					"$(inherited)",
				);
				GCC_WARN_64_TO_32_BIT_CONVERSION = YES;
				GCC_WARN_ABOUT_RETURN_TYPE = YES_ERROR;
				GCC_WARN_UNDECLARED_SELECTOR = YES;
				GCC_WARN_UNINITIALIZED_AUTOS = YES_AGGRESSIVE;
				GCC_WARN_UNUSED_FUNCTION = YES;
				GCC_WARN_UNUSED_VARIABLE = YES;
				IPHONEOS_DEPLOYMENT_TARGET = 17.2;
				LOCALIZATION_PREFERS_STRING_CATALOGS = YES;
				MTL_ENABLE_DEBUG_INFO = INCLUDE_SOURCE;
				MTL_FAST_MATH = YES;
				ONLY_ACTIVE_ARCH = YES;
				SDKROOT = iphoneos;
				SWIFT_ACTIVE_COMPILATION_CONDITIONS = "DEBUG $(inherited)";
				SWIFT_OPTIMIZATION_LEVEL = "-Onone";
			};
			name = Debug;
		};
		5C91F57A2BC5DE4800AEDC89 /* Release */ = {
			isa = XCBuildConfiguration;
			buildSettings = {
				ALWAYS_SEARCH_USER_PATHS = NO;
				ASSETCATALOG_COMPILER_GENERATE_SWIFT_ASSET_SYMBOL_EXTENSIONS = YES;
				CLANG_ANALYZER_NONNULL = YES;
				CLANG_ANALYZER_NUMBER_OBJECT_CONVERSION = YES_AGGRESSIVE;
				CLANG_CXX_LANGUAGE_STANDARD = "gnu++20";
				CLANG_ENABLE_MODULES = YES;
				CLANG_ENABLE_OBJC_ARC = YES;
				CLANG_ENABLE_OBJC_WEAK = YES;
				CLANG_WARN_BLOCK_CAPTURE_AUTORELEASING = YES;
				CLANG_WARN_BOOL_CONVERSION = YES;
				CLANG_WARN_COMMA = YES;
				CLANG_WARN_CONSTANT_CONVERSION = YES;
				CLANG_WARN_DEPRECATED_OBJC_IMPLEMENTATIONS = YES;
				CLANG_WARN_DIRECT_OBJC_ISA_USAGE = YES_ERROR;
				CLANG_WARN_DOCUMENTATION_COMMENTS = YES;
				CLANG_WARN_EMPTY_BODY = YES;
				CLANG_WARN_ENUM_CONVERSION = YES;
				CLANG_WARN_INFINITE_RECURSION = YES;
				CLANG_WARN_INT_CONVERSION = YES;
				CLANG_WARN_NON_LITERAL_NULL_CONVERSION = YES;
				CLANG_WARN_OBJC_IMPLICIT_RETAIN_SELF = YES;
				CLANG_WARN_OBJC_LITERAL_CONVERSION = YES;
				CLANG_WARN_OBJC_ROOT_CLASS = YES_ERROR;
				CLANG_WARN_QUOTED_INCLUDE_IN_FRAMEWORK_HEADER = YES;
				CLANG_WARN_RANGE_LOOP_ANALYSIS = YES;
				CLANG_WARN_STRICT_PROTOTYPES = YES;
				CLANG_WARN_SUSPICIOUS_MOVE = YES;
				CLANG_WARN_UNGUARDED_AVAILABILITY = YES_AGGRESSIVE;
				CLANG_WARN_UNREACHABLE_CODE = YES;
				CLANG_WARN__DUPLICATE_METHOD_MATCH = YES;
				COPY_PHASE_STRIP = NO;
				DEBUG_INFORMATION_FORMAT = "dwarf-with-dsym";
				ENABLE_NS_ASSERTIONS = NO;
				ENABLE_STRICT_OBJC_MSGSEND = YES;
				ENABLE_USER_SCRIPT_SANDBOXING = YES;
				GCC_C_LANGUAGE_STANDARD = gnu17;
				GCC_NO_COMMON_BLOCKS = YES;
				GCC_WARN_64_TO_32_BIT_CONVERSION = YES;
				GCC_WARN_ABOUT_RETURN_TYPE = YES_ERROR;
				GCC_WARN_UNDECLARED_SELECTOR = YES;
				GCC_WARN_UNINITIALIZED_AUTOS = YES_AGGRESSIVE;
				GCC_WARN_UNUSED_FUNCTION = YES;
				GCC_WARN_UNUSED_VARIABLE = YES;
				IPHONEOS_DEPLOYMENT_TARGET = 17.2;
				LOCALIZATION_PREFERS_STRING_CATALOGS = YES;
				MTL_ENABLE_DEBUG_INFO = NO;
				MTL_FAST_MATH = YES;
				SDKROOT = iphoneos;
				SWIFT_COMPILATION_MODE = wholemodule;
				VALIDATE_PRODUCT = YES;
			};
			name = Release;
		};
		5C91F57C2BC5DE4800AEDC89 /* Debug */ = {
			isa = XCBuildConfiguration;
			buildSettings = {
				ASSETCATALOG_COMPILER_APPICON_NAME = AppIcon;
				ASSETCATALOG_COMPILER_GLOBAL_ACCENT_COLOR_NAME = AccentColor;
				CODE_SIGN_STYLE = Automatic;
				CURRENT_PROJECT_VERSION = 1;
				DEVELOPMENT_ASSET_PATHS = "\"MacroMonkey/Preview Content\"";
				DEVELOPMENT_TEAM = NGF4BH67J7;
				ENABLE_PREVIEWS = YES;
				GENERATE_INFOPLIST_FILE = YES;
				INFOPLIST_KEY_UIApplicationSceneManifest_Generation = YES;
				INFOPLIST_KEY_UIApplicationSupportsIndirectInputEvents = YES;
				INFOPLIST_KEY_UILaunchScreen_Generation = YES;
				INFOPLIST_KEY_UISupportedInterfaceOrientations_iPad = "UIInterfaceOrientationPortrait UIInterfaceOrientationPortraitUpsideDown UIInterfaceOrientationLandscapeLeft UIInterfaceOrientationLandscapeRight";
				INFOPLIST_KEY_UISupportedInterfaceOrientations_iPhone = "UIInterfaceOrientationPortrait UIInterfaceOrientationLandscapeLeft UIInterfaceOrientationLandscapeRight";
				LD_RUNPATH_SEARCH_PATHS = (
					"$(inherited)",
					"@executable_path/Frameworks",
				);
				MARKETING_VERSION = 1.0;
				PRODUCT_BUNDLE_IDENTIFIER = com.alvarez.MacroMonkey;
				PRODUCT_NAME = "$(TARGET_NAME)";
				SWIFT_EMIT_LOC_STRINGS = YES;
				SWIFT_VERSION = 5.0;
				TARGETED_DEVICE_FAMILY = "1,2";
			};
			name = Debug;
		};
		5C91F57D2BC5DE4800AEDC89 /* Release */ = {
			isa = XCBuildConfiguration;
			buildSettings = {
				ASSETCATALOG_COMPILER_APPICON_NAME = AppIcon;
				ASSETCATALOG_COMPILER_GLOBAL_ACCENT_COLOR_NAME = AccentColor;
				CODE_SIGN_STYLE = Automatic;
				CURRENT_PROJECT_VERSION = 1;
				DEVELOPMENT_ASSET_PATHS = "\"MacroMonkey/Preview Content\"";
				DEVELOPMENT_TEAM = NGF4BH67J7;
				ENABLE_PREVIEWS = YES;
				GENERATE_INFOPLIST_FILE = YES;
				INFOPLIST_KEY_UIApplicationSceneManifest_Generation = YES;
				INFOPLIST_KEY_UIApplicationSupportsIndirectInputEvents = YES;
				INFOPLIST_KEY_UILaunchScreen_Generation = YES;
				INFOPLIST_KEY_UISupportedInterfaceOrientations_iPad = "UIInterfaceOrientationPortrait UIInterfaceOrientationPortraitUpsideDown UIInterfaceOrientationLandscapeLeft UIInterfaceOrientationLandscapeRight";
				INFOPLIST_KEY_UISupportedInterfaceOrientations_iPhone = "UIInterfaceOrientationPortrait UIInterfaceOrientationLandscapeLeft UIInterfaceOrientationLandscapeRight";
				LD_RUNPATH_SEARCH_PATHS = (
					"$(inherited)",
					"@executable_path/Frameworks",
				);
				MARKETING_VERSION = 1.0;
				PRODUCT_BUNDLE_IDENTIFIER = com.alvarez.MacroMonkey;
				PRODUCT_NAME = "$(TARGET_NAME)";
				SWIFT_EMIT_LOC_STRINGS = YES;
				SWIFT_VERSION = 5.0;
				TARGETED_DEVICE_FAMILY = "1,2";
			};
			name = Release;
		};
		5C91F57F2BC5DE4800AEDC89 /* Debug */ = {
			isa = XCBuildConfiguration;
			buildSettings = {
				ALWAYS_EMBED_SWIFT_STANDARD_LIBRARIES = YES;
				BUNDLE_LOADER = "$(TEST_HOST)";
				CODE_SIGN_STYLE = Automatic;
				CURRENT_PROJECT_VERSION = 1;
				DEVELOPMENT_TEAM = NGF4BH67J7;
				GENERATE_INFOPLIST_FILE = YES;
				IPHONEOS_DEPLOYMENT_TARGET = 17.2;
				MARKETING_VERSION = 1.0;
				PRODUCT_BUNDLE_IDENTIFIER = com.alvarez.MacroMonkeyTests;
				PRODUCT_NAME = "$(TARGET_NAME)";
				SWIFT_EMIT_LOC_STRINGS = NO;
				SWIFT_VERSION = 5.0;
				TARGETED_DEVICE_FAMILY = "1,2";
				TEST_HOST = "$(BUILT_PRODUCTS_DIR)/MacroMonkey.app/$(BUNDLE_EXECUTABLE_FOLDER_PATH)/MacroMonkey";
			};
			name = Debug;
		};
		5C91F5802BC5DE4800AEDC89 /* Release */ = {
			isa = XCBuildConfiguration;
			buildSettings = {
				ALWAYS_EMBED_SWIFT_STANDARD_LIBRARIES = YES;
				BUNDLE_LOADER = "$(TEST_HOST)";
				CODE_SIGN_STYLE = Automatic;
				CURRENT_PROJECT_VERSION = 1;
				DEVELOPMENT_TEAM = NGF4BH67J7;
				GENERATE_INFOPLIST_FILE = YES;
				IPHONEOS_DEPLOYMENT_TARGET = 17.2;
				MARKETING_VERSION = 1.0;
				PRODUCT_BUNDLE_IDENTIFIER = com.alvarez.MacroMonkeyTests;
				PRODUCT_NAME = "$(TARGET_NAME)";
				SWIFT_EMIT_LOC_STRINGS = NO;
				SWIFT_VERSION = 5.0;
				TARGETED_DEVICE_FAMILY = "1,2";
				TEST_HOST = "$(BUILT_PRODUCTS_DIR)/MacroMonkey.app/$(BUNDLE_EXECUTABLE_FOLDER_PATH)/MacroMonkey";
			};
			name = Release;
		};
		5C91F5822BC5DE4800AEDC89 /* Debug */ = {
			isa = XCBuildConfiguration;
			buildSettings = {
				ALWAYS_EMBED_SWIFT_STANDARD_LIBRARIES = YES;
				CODE_SIGN_STYLE = Automatic;
				CURRENT_PROJECT_VERSION = 1;
				DEVELOPMENT_TEAM = NGF4BH67J7;
				GENERATE_INFOPLIST_FILE = YES;
				MARKETING_VERSION = 1.0;
				PRODUCT_BUNDLE_IDENTIFIER = com.alvarez.MacroMonkeyUITests;
				PRODUCT_NAME = "$(TARGET_NAME)";
				SWIFT_EMIT_LOC_STRINGS = NO;
				SWIFT_VERSION = 5.0;
				TARGETED_DEVICE_FAMILY = "1,2";
				TEST_TARGET_NAME = MacroMonkey;
			};
			name = Debug;
		};
		5C91F5832BC5DE4800AEDC89 /* Release */ = {
			isa = XCBuildConfiguration;
			buildSettings = {
				ALWAYS_EMBED_SWIFT_STANDARD_LIBRARIES = YES;
				CODE_SIGN_STYLE = Automatic;
				CURRENT_PROJECT_VERSION = 1;
				DEVELOPMENT_TEAM = NGF4BH67J7;
				GENERATE_INFOPLIST_FILE = YES;
				MARKETING_VERSION = 1.0;
				PRODUCT_BUNDLE_IDENTIFIER = com.alvarez.MacroMonkeyUITests;
				PRODUCT_NAME = "$(TARGET_NAME)";
				SWIFT_EMIT_LOC_STRINGS = NO;
				SWIFT_VERSION = 5.0;
				TARGETED_DEVICE_FAMILY = "1,2";
				TEST_TARGET_NAME = MacroMonkey;
			};
			name = Release;
		};
/* End XCBuildConfiguration section */

/* Begin XCConfigurationList section */
		5C91F5522BC5DE4600AEDC89 /* Build configuration list for PBXProject "MacroMonkey" */ = {
			isa = XCConfigurationList;
			buildConfigurations = (
				5C91F5792BC5DE4800AEDC89 /* Debug */,
				5C91F57A2BC5DE4800AEDC89 /* Release */,
			);
			defaultConfigurationIsVisible = 0;
			defaultConfigurationName = Release;
		};
		5C91F57B2BC5DE4800AEDC89 /* Build configuration list for PBXNativeTarget "MacroMonkey" */ = {
			isa = XCConfigurationList;
			buildConfigurations = (
				5C91F57C2BC5DE4800AEDC89 /* Debug */,
				5C91F57D2BC5DE4800AEDC89 /* Release */,
			);
			defaultConfigurationIsVisible = 0;
			defaultConfigurationName = Release;
		};
		5C91F57E2BC5DE4800AEDC89 /* Build configuration list for PBXNativeTarget "MacroMonkeyTests" */ = {
			isa = XCConfigurationList;
			buildConfigurations = (
				5C91F57F2BC5DE4800AEDC89 /* Debug */,
				5C91F5802BC5DE4800AEDC89 /* Release */,
			);
			defaultConfigurationIsVisible = 0;
			defaultConfigurationName = Release;
		};
		5C91F5812BC5DE4800AEDC89 /* Build configuration list for PBXNativeTarget "MacroMonkeyUITests" */ = {
			isa = XCConfigurationList;
			buildConfigurations = (
				5C91F5822BC5DE4800AEDC89 /* Debug */,
				5C91F5832BC5DE4800AEDC89 /* Release */,
			);
			defaultConfigurationIsVisible = 0;
			defaultConfigurationName = Release;
		};
/* End XCConfigurationList section */

/* Begin XCRemoteSwiftPackageReference section */
		5C1E61FE2BCB2CD900E4A070 /* XCRemoteSwiftPackageReference "firebase-ios-sdk" */ = {
			isa = XCRemoteSwiftPackageReference;
			repositoryURL = "https://github.com/firebase/firebase-ios-sdk";
			requirement = {
				kind = upToNextMajorVersion;
				minimumVersion = 10.24.0;
			};
		};
		5C1E62072BCB2D2B00E4A070 /* XCRemoteSwiftPackageReference "FirebaseUI-iOS" */ = {
			isa = XCRemoteSwiftPackageReference;
			repositoryURL = "https://github.com/firebase/FirebaseUI-iOS.git";
			requirement = {
				kind = exactVersion;
				version = 12.3.1;
			};
		};
/* End XCRemoteSwiftPackageReference section */

/* Begin XCSwiftPackageProductDependency section */
		5C1E62012BCB2CD900E4A070 /* FirebaseDatabase */ = {
			isa = XCSwiftPackageProductDependency;
			package = 5C1E61FE2BCB2CD900E4A070 /* XCRemoteSwiftPackageReference "firebase-ios-sdk" */;
			productName = FirebaseDatabase;
		};
		5C1E62032BCB2CD900E4A070 /* FirebaseFirestore */ = {
			isa = XCSwiftPackageProductDependency;
			package = 5C1E61FE2BCB2CD900E4A070 /* XCRemoteSwiftPackageReference "firebase-ios-sdk" */;
			productName = FirebaseFirestore;
		};
		5C1E62052BCB2CD900E4A070 /* FirebaseStorage */ = {
			isa = XCSwiftPackageProductDependency;
			package = 5C1E61FE2BCB2CD900E4A070 /* XCRemoteSwiftPackageReference "firebase-ios-sdk" */;
			productName = FirebaseStorage;
		};
		5C1E62082BCB2D2B00E4A070 /* FirebaseAuthUI */ = {
			isa = XCSwiftPackageProductDependency;
			package = 5C1E62072BCB2D2B00E4A070 /* XCRemoteSwiftPackageReference "FirebaseUI-iOS" */;
			productName = FirebaseAuthUI;
		};
		5C1E620A2BCB2D2B00E4A070 /* FirebaseDatabaseUI */ = {
			isa = XCSwiftPackageProductDependency;
			package = 5C1E62072BCB2D2B00E4A070 /* XCRemoteSwiftPackageReference "FirebaseUI-iOS" */;
			productName = FirebaseDatabaseUI;
		};
		5C1E620C2BCB2D2B00E4A070 /* FirebaseEmailAuthUI */ = {
			isa = XCSwiftPackageProductDependency;
			package = 5C1E62072BCB2D2B00E4A070 /* XCRemoteSwiftPackageReference "FirebaseUI-iOS" */;
			productName = FirebaseEmailAuthUI;
		};
		5C1E620E2BCB2D2B00E4A070 /* FirebaseStorageUI */ = {
			isa = XCSwiftPackageProductDependency;
			package = 5C1E62072BCB2D2B00E4A070 /* XCRemoteSwiftPackageReference "FirebaseUI-iOS" */;
			productName = FirebaseStorageUI;
		};
		5C5A343D2BCF1C1E005DE7E8 /* FirebaseAuth */ = {
			isa = XCSwiftPackageProductDependency;
			package = 5C1E61FE2BCB2CD900E4A070 /* XCRemoteSwiftPackageReference "firebase-ios-sdk" */;
			productName = FirebaseAuth;
		};
/* End XCSwiftPackageProductDependency section */
	};
	rootObject = 5C91F54F2BC5DE4600AEDC89 /* Project object */;
}
